
Microsoft Visual Studio Solution File, Format Version 12.00
# Visual Studio Version 17
VisualStudioVersion = 17.5.33530.505
MinimumVisualStudioVersion = 10.0.40219.1
Project("{9A19103F-16F7-4668-BE54-9A1E7A4F7556}") = "WebAPI", "WebAPI\WebAPI.csproj", "{D31EA3E8-7940-4350-8A6C-6885A06F1312}"
EndProject
Project("{9A19103F-16F7-4668-BE54-9A1E7A4F7556}") = "Contracts", "Contracts\Contracts.csproj", "{DEC09723-BAE7-4E22-B466-57FD624E9E88}"
EndProject
Project("{9A19103F-16F7-4668-BE54-9A1E7A4F7556}") = "LoggerService", "LoggerService\LoggerService.csproj", "{B3E2F279-1B80-4E39-B657-E295A638BD31}"
EndProject
Project("{9A19103F-16F7-4668-BE54-9A1E7A4F7556}") = "Entities", "Entities\Entities.csproj", "{B539E009-C403-443C-A846-651C2EAB2AC5}"
EndProject
Project("{9A19103F-16F7-4668-BE54-9A1E7A4F7556}") = "Repositories", "Repository\Repositories.csproj", "{E89DFE49-9293-4D88-9243-40348E94E43F}"
EndProject
Project("{9A19103F-16F7-4668-BE54-9A1E7A4F7556}") = "Services", "Business\Services.csproj", "{A5E38E24-A309-4E31-AA97-92D861021CF3}"
EndProject
Project("{2150E333-8FDC-42A3-9474-1A3956D46DE8}") = "Application", "Application", "{FAAFF605-2DDF-4702-9415-8CB0898C3F17}"
EndProject
Project("{2150E333-8FDC-42A3-9474-1A3956D46DE8}") = "2-Contracts", "2-Contracts", "{84879C78-23C2-4463-A5AA-AB0BE3B9327C}"
EndProject
Project("{2150E333-8FDC-42A3-9474-1A3956D46DE8}") = "1-Data", "1-Data", "{E323D44B-B6BA-4E36-B88F-A3EA027572E8}"
EndProject
Project("{2150E333-8FDC-42A3-9474-1A3956D46DE8}") = "3-Business", "3-Business", "{6CE04787-115B-48C8-9610-58FF5E693A4D}"
EndProject
Project("{2150E333-8FDC-42A3-9474-1A3956D46DE8}") = "Logger", "Logger", "{2C7B5DC9-B486-412C-A200-532502407F9D}"
EndProject
Project("{9A19103F-16F7-4668-BE54-9A1E7A4F7556}") = "Features", "Features\Features.csproj", "{2D9280A8-2120-4A49-A599-1CAB209B9AD7}"
EndProject
Project("{FAE04EC0-301F-11D3-BF4B-00C04F79EFBC}") = "Dapper", "Dapper\Dapper.csproj", "{F454FFA4-3595-4F46-9F94-3E13B54D2097}"
EndProject
Global
	GlobalSection(SolutionConfigurationPlatforms) = preSolution
		Debug|Any CPU = Debug|Any CPU
		Release|Any CPU = Release|Any CPU
	EndGlobalSection
	GlobalSection(ProjectConfigurationPlatforms) = postSolution
		{D31EA3E8-7940-4350-8A6C-6885A06F1312}.Debug|Any CPU.ActiveCfg = Debug|Any CPU
		{D31EA3E8-7940-4350-8A6C-6885A06F1312}.Debug|Any CPU.Build.0 = Debug|Any CPU
		{D31EA3E8-7940-4350-8A6C-6885A06F1312}.Release|Any CPU.ActiveCfg = Release|Any CPU
		{D31EA3E8-7940-4350-8A6C-6885A06F1312}.Release|Any CPU.Build.0 = Release|Any CPU
		{DEC09723-BAE7-4E22-B466-57FD624E9E88}.Debug|Any CPU.ActiveCfg = Debug|Any CPU
		{DEC09723-BAE7-4E22-B466-57FD624E9E88}.Debug|Any CPU.Build.0 = Debug|Any CPU
		{DEC09723-BAE7-4E22-B466-57FD624E9E88}.Release|Any CPU.ActiveCfg = Release|Any CPU
		{DEC09723-BAE7-4E22-B466-57FD624E9E88}.Release|Any CPU.Build.0 = Release|Any CPU
		{B3E2F279-1B80-4E39-B657-E295A638BD31}.Debug|Any CPU.ActiveCfg = Debug|Any CPU
		{B3E2F279-1B80-4E39-B657-E295A638BD31}.Debug|Any CPU.Build.0 = Debug|Any CPU
		{B3E2F279-1B80-4E39-B657-E295A638BD31}.Release|Any CPU.ActiveCfg = Release|Any CPU
		{B3E2F279-1B80-4E39-B657-E295A638BD31}.Release|Any CPU.Build.0 = Release|Any CPU
		{B539E009-C403-443C-A846-651C2EAB2AC5}.Debug|Any CPU.ActiveCfg = Debug|Any CPU
		{B539E009-C403-443C-A846-651C2EAB2AC5}.Debug|Any CPU.Build.0 = Debug|Any CPU
		{B539E009-C403-443C-A846-651C2EAB2AC5}.Release|Any CPU.ActiveCfg = Release|Any CPU
		{B539E009-C403-443C-A846-651C2EAB2AC5}.Release|Any CPU.Build.0 = Release|Any CPU
		{E89DFE49-9293-4D88-9243-40348E94E43F}.Debug|Any CPU.ActiveCfg = Debug|Any CPU
		{E89DFE49-9293-4D88-9243-40348E94E43F}.Debug|Any CPU.Build.0 = Debug|Any CPU
		{E89DFE49-9293-4D88-9243-40348E94E43F}.Release|Any CPU.ActiveCfg = Release|Any CPU
		{E89DFE49-9293-4D88-9243-40348E94E43F}.Release|Any CPU.Build.0 = Release|Any CPU
		{A5E38E24-A309-4E31-AA97-92D861021CF3}.Debug|Any CPU.ActiveCfg = Debug|Any CPU
		{A5E38E24-A309-4E31-AA97-92D861021CF3}.Debug|Any CPU.Build.0 = Debug|Any CPU
		{A5E38E24-A309-4E31-AA97-92D861021CF3}.Release|Any CPU.ActiveCfg = Release|Any CPU
		{A5E38E24-A309-4E31-AA97-92D861021CF3}.Release|Any CPU.Build.0 = Release|Any CPU
		{2D9280A8-2120-4A49-A599-1CAB209B9AD7}.Debug|Any CPU.ActiveCfg = Debug|Any CPU
		{2D9280A8-2120-4A49-A599-1CAB209B9AD7}.Debug|Any CPU.Build.0 = Debug|Any CPU
		{2D9280A8-2120-4A49-A599-1CAB209B9AD7}.Release|Any CPU.ActiveCfg = Release|Any CPU
		{2D9280A8-2120-4A49-A599-1CAB209B9AD7}.Release|Any CPU.Build.0 = Release|Any CPU
		{F454FFA4-3595-4F46-9F94-3E13B54D2097}.Debug|Any CPU.ActiveCfg = Debug|Any CPU
		{F454FFA4-3595-4F46-9F94-3E13B54D2097}.Debug|Any CPU.Build.0 = Debug|Any CPU
		{F454FFA4-3595-4F46-9F94-3E13B54D2097}.Release|Any CPU.ActiveCfg = Release|Any CPU
		{F454FFA4-3595-4F46-9F94-3E13B54D2097}.Release|Any CPU.Build.0 = Release|Any CPU
	EndGlobalSection
	GlobalSection(SolutionProperties) = preSolution
		HideSolutionNode = FALSE
	EndGlobalSection
	GlobalSection(NestedProjects) = preSolution
		{D31EA3E8-7940-4350-8A6C-6885A06F1312} = {FAAFF605-2DDF-4702-9415-8CB0898C3F17}
		{DEC09723-BAE7-4E22-B466-57FD624E9E88} = {84879C78-23C2-4463-A5AA-AB0BE3B9327C}
		{B3E2F279-1B80-4E39-B657-E295A638BD31} = {2C7B5DC9-B486-412C-A200-532502407F9D}
		{B539E009-C403-443C-A846-651C2EAB2AC5} = {E323D44B-B6BA-4E36-B88F-A3EA027572E8}
		{E89DFE49-9293-4D88-9243-40348E94E43F} = {E323D44B-B6BA-4E36-B88F-A3EA027572E8}
		{A5E38E24-A309-4E31-AA97-92D861021CF3} = {6CE04787-115B-48C8-9610-58FF5E693A4D}
		{84879C78-23C2-4463-A5AA-AB0BE3B9327C} = {FAAFF605-2DDF-4702-9415-8CB0898C3F17}
		{E323D44B-B6BA-4E36-B88F-A3EA027572E8} = {FAAFF605-2DDF-4702-9415-8CB0898C3F17}
		{6CE04787-115B-48C8-9610-58FF5E693A4D} = {FAAFF605-2DDF-4702-9415-8CB0898C3F17}
		{2C7B5DC9-B486-412C-A200-532502407F9D} = {FAAFF605-2DDF-4702-9415-8CB0898C3F17}
		{2D9280A8-2120-4A49-A599-1CAB209B9AD7} = {6CE04787-115B-48C8-9610-58FF5E693A4D}
		{F454FFA4-3595-4F46-9F94-3E13B54D2097} = {E323D44B-B6BA-4E36-B88F-A3EA027572E8}
	EndGlobalSection
	GlobalSection(ExtensibilityGlobals) = postSolution
		SolutionGuid = {5A6CC5CF-CB96-44D1-BD22-7EB87B5E3222}
	EndGlobalSection
EndGlobal
